
Microsoft Visual Studio Solution File, Format Version 12.00
# Visual Studio Version 17
VisualStudioVersion = 17.11.35312.102
MinimumVisualStudioVersion = 10.0.40219.1
Project("{FAE04EC0-301F-11D3-BF4B-00C04F79EFBC}") = "PersonInformationBot", "PersonInformation\PersonInformationBot.csproj", "{6AE6D274-4D26-4371-88B6-C225A87043EC}"
EndProject
Project("{FAE04EC0-301F-11D3-BF4B-00C04F79EFBC}") = "PersonInformation.Bll", "PersonInformation.Bll\PersonInformation.Bll.csproj", "{CA7CC585-15C7-41E7-8380-DC6BA6BA0DF1}"
EndProject
Project("{FAE04EC0-301F-11D3-BF4B-00C04F79EFBC}") = "PersonsInformation.Dal", "PersonsInformation.Dal\PersonsInformation.Dal.csproj", "{F44E4AC5-8A07-48B7-87F9-03F2D820BB49}"
EndProject
Global
	GlobalSection(SolutionConfigurationPlatforms) = preSolution
		Debug|Any CPU = Debug|Any CPU
		Release|Any CPU = Release|Any CPU
	EndGlobalSection
	GlobalSection(ProjectConfigurationPlatforms) = postSolution
		{6AE6D274-4D26-4371-88B6-C225A87043EC}.Debug|Any CPU.ActiveCfg = Debug|Any CPU
		{6AE6D274-4D26-4371-88B6-C225A87043EC}.Debug|Any CPU.Build.0 = Debug|Any CPU
		{6AE6D274-4D26-4371-88B6-C225A87043EC}.Release|Any CPU.ActiveCfg = Release|Any CPU
		{6AE6D274-4D26-4371-88B6-C225A87043EC}.Release|Any CPU.Build.0 = Release|Any CPU
		{CA7CC585-15C7-41E7-8380-DC6BA6BA0DF1}.Debug|Any CPU.ActiveCfg = Debug|Any CPU
		{CA7CC585-15C7-41E7-8380-DC6BA6BA0DF1}.Debug|Any CPU.Build.0 = Debug|Any CPU
		{CA7CC585-15C7-41E7-8380-DC6BA6BA0DF1}.Release|Any CPU.ActiveCfg = Release|Any CPU
		{CA7CC585-15C7-41E7-8380-DC6BA6BA0DF1}.Release|Any CPU.Build.0 = Release|Any CPU
		{F44E4AC5-8A07-48B7-87F9-03F2D820BB49}.Debug|Any CPU.ActiveCfg = Debug|Any CPU
		{F44E4AC5-8A07-48B7-87F9-03F2D820BB49}.Debug|Any CPU.Build.0 = Debug|Any CPU
		{F44E4AC5-8A07-48B7-87F9-03F2D820BB49}.Release|Any CPU.ActiveCfg = Release|Any CPU
		{F44E4AC5-8A07-48B7-87F9-03F2D820BB49}.Release|Any CPU.Build.0 = Release|Any CPU
	EndGlobalSection
	GlobalSection(SolutionProperties) = preSolution
		HideSolutionNode = FALSE
	EndGlobalSection
	GlobalSection(ExtensibilityGlobals) = postSolution
		SolutionGuid = {29A5EFFF-58AD-4532-AC8A-C528D60F4940}
	EndGlobalSection
EndGlobal
